# This file is automatically @generated by Cargo.
# It is not intended for manual editing.
version = 4

[[package]]
name = "arrayvec"
version = "0.7.6"
source = "registry+https://github.com/rust-lang/crates.io-index"
checksum = "7c02d123df017efcdfbd739ef81735b36c5ba83ec3c59c80a9d7ecc718f92e50"

[[package]]
name = "bitflags"
version = "2.6.0"
source = "registry+https://github.com/rust-lang/crates.io-index"
checksum = "b048fb63fd8b5923fc5aa7b340d8e156aec7ec02f0c78fa8a6ddc2613f6f71de"

[[package]]
name = "btoi"
version = "0.4.3"
source = "registry+https://github.com/rust-lang/crates.io-index"
checksum = "9dd6407f73a9b8b6162d8a2ef999fe6afd7cc15902ebf42c5cd296addf17e0ad"
dependencies = [
 "num-traits",
]

[[package]]
name = "log"
version = "0.3.9"
source = "registry+https://github.com/rust-lang/crates.io-index"
checksum = "e19e8d5c34a3e0e2223db8e060f9e8264aeeb5c5fc64a4ee9965c062211c024b"
dependencies = [
 "log 0.4.22",
]

[[package]]
name = "log"
version = "0.4.22"
source = "registry+https://github.com/rust-lang/crates.io-index"
checksum = "a7a70ba024b9dc04c27ea2f0c0548feb474ec5c54bba33a7f72f873a39d07b24"

[[package]]
name = "nohash-hasher"
version = "0.2.0"
source = "registry+https://github.com/rust-lang/crates.io-index"
checksum = "2bf50223579dc7cdcfb3bfcacf7069ff68243f8c363f62ffa99cf000a6b9c451"

[[package]]
name = "num-traits"
version = "0.2.1"
source = "registry+https://github.com/rust-lang/crates.io-index"
checksum = "0b3c2bd9b9d21e48e956b763c9f37134dc62d9e95da6edb3f672cacb6caf3cd3"

[[package]]
name = "shakmaty"
version = "0.27.1"
source = "registry+https://github.com/rust-lang/crates.io-index"
checksum = "8969aea589c3356aa6c0251dbd9c27d0586224f2cb1f068f33d756966f58fb7a"
dependencies = [
 "arrayvec",
 "bitflags",
 "btoi",
 "nohash-hasher",
]

[[package]]
name = "termchess"
version = "0.1.0"
dependencies = [
 "shakmaty",
 "uci",
]

[[package]]
name = "uci"
version = "0.1.2"
source = "registry+https://github.com/rust-lang/crates.io-index"
checksum = "e6ae4b39dbf542ea3e478abdef55e9b6edcce7d3d45e06150aba21a7179d172b"
dependencies = [
 "log 0.3.9",
]
